
Microsoft Visual Studio Solution File, Format Version 12.00
# Visual Studio 15
VisualStudioVersion = 15.0.27813.3002
MinimumVisualStudioVersion = 10.0.40219.1
Project("{FAE04EC0-301F-11D3-BF4B-00C04F79EFBC}") = "LearnCSharp", "LearnCSharp\LearnCSharp.csproj", "{F2E0964E-C12E-4FE3-9468-2414FF455193}"
EndProject
Global
	GlobalSection(SolutionConfigurationPlatforms) = preSolution
		Debug|ARM = Debug|ARM
		Debug|x64 = Debug|x64
		Debug|x86 = Debug|x86
		Release|ARM = Release|ARM
		Release|x64 = Release|x64
		Release|x86 = Release|x86
	EndGlobalSection
	GlobalSection(ProjectConfigurationPlatforms) = postSolution
		{F2E0964E-C12E-4FE3-9468-2414FF455193}.Debug|ARM.ActiveCfg = Debug|ARM
		{F2E0964E-C12E-4FE3-9468-2414FF455193}.Debug|ARM.Build.0 = Debug|ARM
		{F2E0964E-C12E-4FE3-9468-2414FF455193}.Debug|ARM.Deploy.0 = Debug|ARM
		{F2E0964E-C12E-4FE3-9468-2414FF455193}.Debug|x64.ActiveCfg = Debug|x64
		{F2E0964E-C12E-4FE3-9468-2414FF455193}.Debug|x64.Build.0 = Debug|x64
		{F2E0964E-C12E-4FE3-9468-2414FF455193}.Debug|x64.Deploy.0 = Debug|x64
		{F2E0964E-C12E-4FE3-9468-2414FF455193}.Debug|x86.ActiveCfg = Debug|x86
		{F2E0964E-C12E-4FE3-9468-2414FF455193}.Debug|x86.Build.0 = Debug|x86
		{F2E0964E-C12E-4FE3-9468-2414FF455193}.Debug|x86.Deploy.0 = Debug|x86
		{F2E0964E-C12E-4FE3-9468-2414FF455193}.Release|ARM.ActiveCfg = Release|ARM
		{F2E0964E-C12E-4FE3-9468-2414FF455193}.Release|ARM.Build.0 = Release|ARM
		{F2E0964E-C12E-4FE3-9468-2414FF455193}.Release|ARM.Deploy.0 = Release|ARM
		{F2E0964E-C12E-4FE3-9468-2414FF455193}.Release|x64.ActiveCfg = Release|x64
		{F2E0964E-C12E-4FE3-9468-2414FF455193}.Release|x64.Build.0 = Release|x64
		{F2E0964E-C12E-4FE3-9468-2414FF455193}.Release|x64.Deploy.0 = Release|x64
		{F2E0964E-C12E-4FE3-9468-2414FF455193}.Release|x86.ActiveCfg = Release|x86
		{F2E0964E-C12E-4FE3-9468-2414FF455193}.Release|x86.Build.0 = Release|x86
		{F2E0964E-C12E-4FE3-9468-2414FF455193}.Release|x86.Deploy.0 = Release|x86
	EndGlobalSection
	GlobalSection(SolutionProperties) = preSolution
		HideSolutionNode = FALSE
	EndGlobalSection
	GlobalSection(ExtensibilityGlobals) = postSolution
		SolutionGuid = {DDE0B91E-01B5-4481-AFC7-B1CA2DBE4B3D}
	EndGlobalSection
EndGlobal
